// !$*UTF8*$!
{
	archiveVersion = 1;
	classes = {
	};
	objectVersion = 46;
	objects = {

/* Begin PBXBuildFile section */
		226A3A271D2EB7A700FC0FF8 /* DatePickerViewController.m in Sources */ = {isa = PBXBuildFile; fileRef = 226A3A221D2EB7A700FC0FF8 /* DatePickerViewController.m */; };
		226A3A281D2EB7A700FC0FF8 /* HistoricViewController.m in Sources */ = {isa = PBXBuildFile; fileRef = 226A3A241D2EB7A700FC0FF8 /* HistoricViewController.m */; };
		226A3A291D2EB7A700FC0FF8 /* PedometerViewController.m in Sources */ = {isa = PBXBuildFile; fileRef = 226A3A261D2EB7A700FC0FF8 /* PedometerViewController.m */; };
		226A3A2C1D2EB7CD00FC0FF8 /* MainViewController.m in Sources */ = {isa = PBXBuildFile; fileRef = 226A3A2B1D2EB7CD00FC0FF8 /* MainViewController.m */; };
		226A3A2F1D2EB8F000FC0FF8 /* HealthModel.m in Sources */ = {isa = PBXBuildFile; fileRef = 226A3A2E1D2EB8F000FC0FF8 /* HealthModel.m */; };
		2853465F1D2C27090001F378 /* KakaoTalk_Photo_2016-07-05-19-01-18_19.jpeg in Resources */ = {isa = PBXBuildFile; fileRef = 2853465A1D2C27090001F378 /* KakaoTalk_Photo_2016-07-05-19-01-18_19.jpeg */; };
		285346601D2C27090001F378 /* KakaoTalk_Photo_2016-07-05-19-01-20_21.jpeg in Resources */ = {isa = PBXBuildFile; fileRef = 2853465B1D2C27090001F378 /* KakaoTalk_Photo_2016-07-05-19-01-20_21.jpeg */; };
		285346611D2C27090001F378 /* KakaoTalk_Photo_2016-07-05-19-01-21_99.jpeg in Resources */ = {isa = PBXBuildFile; fileRef = 2853465C1D2C27090001F378 /* KakaoTalk_Photo_2016-07-05-19-01-21_99.jpeg */; };
		285346621D2C27090001F378 /* KakaoTalk_Photo_2016-07-05-19-01-22_93.jpeg in Resources */ = {isa = PBXBuildFile; fileRef = 2853465D1D2C27090001F378 /* KakaoTalk_Photo_2016-07-05-19-01-22_93.jpeg */; };
		285346781D2C2D6E0001F378 /* Sticker.m in Sources */ = {isa = PBXBuildFile; fileRef = 285346771D2C2D6E0001F378 /* Sticker.m */; };
		2853467B1D2C2EC20001F378 /* StickerModel.m in Sources */ = {isa = PBXBuildFile; fileRef = 2853467A1D2C2EC20001F378 /* StickerModel.m */; };
		2853467E1D2C34160001F378 /* Emoticon.m in Sources */ = {isa = PBXBuildFile; fileRef = 2853467D1D2C34160001F378 /* Emoticon.m */; };
		286EC5AA1D2A7F0A0002A8EB /* libsqlite3.tbd in Frameworks */ = {isa = PBXBuildFile; fileRef = 286EC5A91D2A7F0A0002A8EB /* libsqlite3.tbd */; };
		286EC5CF1D2C16F20002A8EB /* DBConnector.m in Sources */ = {isa = PBXBuildFile; fileRef = 286EC5C21D2C16F20002A8EB /* DBConnector.m */; };
		286EC5D01D2C16F20002A8EB /* Diary.m in Sources */ = {isa = PBXBuildFile; fileRef = 286EC5C41D2C16F20002A8EB /* Diary.m */; };
		286EC5D11D2C16F20002A8EB /* DiaryModel.m in Sources */ = {isa = PBXBuildFile; fileRef = 286EC5C61D2C16F20002A8EB /* DiaryModel.m */; };
		286EC5D21D2C16F20002A8EB /* Footprint.m in Sources */ = {isa = PBXBuildFile; fileRef = 286EC5C81D2C16F20002A8EB /* Footprint.m */; };
		286EC5D31D2C16F20002A8EB /* FootprintModel.m in Sources */ = {isa = PBXBuildFile; fileRef = 286EC5CA1D2C16F20002A8EB /* FootprintModel.m */; };
		286EC5D41D2C16F20002A8EB /* User.m in Sources */ = {isa = PBXBuildFile; fileRef = 286EC5CC1D2C16F20002A8EB /* User.m */; };
		286EC5D51D2C16F20002A8EB /* UserModel.m in Sources */ = {isa = PBXBuildFile; fileRef = 286EC5CE1D2C16F20002A8EB /* UserModel.m */; };
		28CBDB451D2C3C980053D0DE /* EmoticonModel.m in Sources */ = {isa = PBXBuildFile; fileRef = 28CBDB441D2C3C980053D0DE /* EmoticonModel.m */; };
		28E5E18A1D2C491100D8B9E3 /* Photo.m in Sources */ = {isa = PBXBuildFile; fileRef = 28E5E1891D2C491100D8B9E3 /* Photo.m */; };
		28E5E18D1D2C4A3500D8B9E3 /* PhotoModel.m in Sources */ = {isa = PBXBuildFile; fileRef = 28E5E18C1D2C4A3500D8B9E3 /* PhotoModel.m */; };
		28E5E1901D2C58C200D8B9E3 /* Health.m in Sources */ = {isa = PBXBuildFile; fileRef = 28E5E18F1D2C58C200D8B9E3 /* Health.m */; };
		28E5E1961D2C7A3D00D8B9E3 /* HealthInformation.m in Sources */ = {isa = PBXBuildFile; fileRef = 28E5E1951D2C7A3D00D8B9E3 /* HealthInformation.m */; };
		28E5E1991D2C7CA900D8B9E3 /* HealthInformationModel.m in Sources */ = {isa = PBXBuildFile; fileRef = 28E5E1981D2C7CA900D8B9E3 /* HealthInformationModel.m */; };
		28E5E1E81D2ED73400D8B9E3 /* Theme.m in Sources */ = {isa = PBXBuildFile; fileRef = 28E5E1E71D2ED73400D8B9E3 /* Theme.m */; };
		28E5E1EB1D2EE59900D8B9E3 /* ThemeModel.m in Sources */ = {isa = PBXBuildFile; fileRef = 28E5E1EA1D2EE59900D8B9E3 /* ThemeModel.m */; };
		28E5E2321D302F0800D8B9E3 /* DaumMap.framework in Frameworks */ = {isa = PBXBuildFile; fileRef = 28E5E2151D302F0800D8B9E3 /* DaumMap.framework */; };
		28E5E2331D302F0800D8B9E3 /* copyright.png in Resources */ = {isa = PBXBuildFile; fileRef = 28E5E2171D302F0800D8B9E3 /* copyright.png */; };
		28E5E2341D302F0800D8B9E3 /* daum_copyright.png in Resources */ = {isa = PBXBuildFile; fileRef = 28E5E2181D302F0800D8B9E3 /* daum_copyright.png */; };
		28E5E2351D302F0800D8B9E3 /* daum_th_line.png in Resources */ = {isa = PBXBuildFile; fileRef = 28E5E2191D302F0800D8B9E3 /* daum_th_line.png */; };
		28E5E2361D302F0800D8B9E3 /* detail_button.png in Resources */ = {isa = PBXBuildFile; fileRef = 28E5E21A1D302F0800D8B9E3 /* detail_button.png */; };
		28E5E2371D302F0800D8B9E3 /* info_box.png in Resources */ = {isa = PBXBuildFile; fileRef = 28E5E21B1D302F0800D8B9E3 /* info_box.png */; };
		28E5E2381D302F0800D8B9E3 /* info_box_tail.png in Resources */ = {isa = PBXBuildFile; fileRef = 28E5E21C1D302F0800D8B9E3 /* info_box_tail.png */; };
		28E5E2391D302F0800D8B9E3 /* map_pin.png in Resources */ = {isa = PBXBuildFile; fileRef = 28E5E21D1D302F0800D8B9E3 /* map_pin.png */; };
		28E5E23A1D302F0800D8B9E3 /* map_pin@3x.png in Resources */ = {isa = PBXBuildFile; fileRef = 28E5E21E1D302F0800D8B9E3 /* map_pin@3x.png */; };
		28E5E23B1D302F0800D8B9E3 /* map_pin_custom.png in Resources */ = {isa = PBXBuildFile; fileRef = 28E5E21F1D302F0800D8B9E3 /* map_pin_custom.png */; };
		28E5E23C1D302F0800D8B9E3 /* map_pin_custom@3x.png in Resources */ = {isa = PBXBuildFile; fileRef = 28E5E2201D302F0800D8B9E3 /* map_pin_custom@3x.png */; };
		28E5E23D1D302F0800D8B9E3 /* map_pin_red.png in Resources */ = {isa = PBXBuildFile; fileRef = 28E5E2211D302F0800D8B9E3 /* map_pin_red.png */; };
		28E5E23E1D302F0800D8B9E3 /* map_pin_red@3x.png in Resources */ = {isa = PBXBuildFile; fileRef = 28E5E2221D302F0800D8B9E3 /* map_pin_red@3x.png */; };
		28E5E23F1D302F0800D8B9E3 /* map_pin_shadow.png in Resources */ = {isa = PBXBuildFile; fileRef = 28E5E2231D302F0800D8B9E3 /* map_pin_shadow.png */; };
		28E5E2401D302F0800D8B9E3 /* map_pin_shadow@3x.png in Resources */ = {isa = PBXBuildFile; fileRef = 28E5E2241D302F0800D8B9E3 /* map_pin_shadow@3x.png */; };
		28E5E2411D302F0800D8B9E3 /* map_pinup.png in Resources */ = {isa = PBXBuildFile; fileRef = 28E5E2251D302F0800D8B9E3 /* map_pinup.png */; };
		28E5E2421D302F0800D8B9E3 /* map_pinup@3x.png in Resources */ = {isa = PBXBuildFile; fileRef = 28E5E2261D302F0800D8B9E3 /* map_pinup@3x.png */; };
		28E5E2431D302F0800D8B9E3 /* map_pinup_custom.png in Resources */ = {isa = PBXBuildFile; fileRef = 28E5E2271D302F0800D8B9E3 /* map_pinup_custom.png */; };
		28E5E2441D302F0800D8B9E3 /* map_pinup_custom@3x.png in Resources */ = {isa = PBXBuildFile; fileRef = 28E5E2281D302F0800D8B9E3 /* map_pinup_custom@3x.png */; };
		28E5E2451D302F0800D8B9E3 /* map_present.png in Resources */ = {isa = PBXBuildFile; fileRef = 28E5E2291D302F0800D8B9E3 /* map_present.png */; };
		28E5E2461D302F0800D8B9E3 /* map_present_background_update.png in Resources */ = {isa = PBXBuildFile; fileRef = 28E5E22A1D302F0800D8B9E3 /* map_present_background_update.png */; };
		28E5E2471D302F0800D8B9E3 /* map_present_direction.png in Resources */ = {isa = PBXBuildFile; fileRef = 28E5E22B1D302F0800D8B9E3 /* map_present_direction.png */; };
		28E5E2481D302F0800D8B9E3 /* map_present_tracking.png in Resources */ = {isa = PBXBuildFile; fileRef = 28E5E22C1D302F0800D8B9E3 /* map_present_tracking.png */; };
		28E5E2491D302F0800D8B9E3 /* noimage.png in Resources */ = {isa = PBXBuildFile; fileRef = 28E5E22D1D302F0800D8B9E3 /* noimage.png */; };
		28E5E24A1D302F0800D8B9E3 /* noimage256.png in Resources */ = {isa = PBXBuildFile; fileRef = 28E5E22E1D302F0800D8B9E3 /* noimage256.png */; };
		28E5E24B1D302F0800D8B9E3 /* point_sprite.png in Resources */ = {isa = PBXBuildFile; fileRef = 28E5E22F1D302F0800D8B9E3 /* point_sprite.png */; };
		28E5E24C1D302F0800D8B9E3 /* shadow_balloon.png in Resources */ = {isa = PBXBuildFile; fileRef = 28E5E2301D302F0800D8B9E3 /* shadow_balloon.png */; };
		28E5E24D1D302F0800D8B9E3 /* th_line.png in Resources */ = {isa = PBXBuildFile; fileRef = 28E5E2311D302F0800D8B9E3 /* th_line.png */; };
		28E5E24F1D302FBF00D8B9E3 /* SystemConfiguration.framework in Frameworks */ = {isa = PBXBuildFile; fileRef = 28E5E24E1D302FBF00D8B9E3 /* SystemConfiguration.framework */; };
		28E5E2511D302FD200D8B9E3 /* QuartzCore.framework in Frameworks */ = {isa = PBXBuildFile; fileRef = 28E5E2501D302FD200D8B9E3 /* QuartzCore.framework */; };
		28E5E2531D302FE900D8B9E3 /* libstdc++.6.0.9.tbd in Frameworks */ = {isa = PBXBuildFile; fileRef = 28E5E2521D302FE900D8B9E3 /* libstdc++.6.0.9.tbd */; };
		28E5E2551D302FF500D8B9E3 /* libxml2.2.tbd in Frameworks */ = {isa = PBXBuildFile; fileRef = 28E5E2541D302FF500D8B9E3 /* libxml2.2.tbd */; };
		28E5E25E1D3031B000D8B9E3 /* FootprintViewController.m in Sources */ = {isa = PBXBuildFile; fileRef = 28E5E25D1D3031B000D8B9E3 /* FootprintViewController.m */; };
		7D9502241D2FC74E00B57D4D /* 참잘했어요.png in Resources */ = {isa = PBXBuildFile; fileRef = 7D95020E1D2FC74E00B57D4D /* 참잘했어요.png */; };
		7D9502251D2FC74E00B57D4D /* arrow-pointing-to-left.png in Resources */ = {isa = PBXBuildFile; fileRef = 7D95020F1D2FC74E00B57D4D /* arrow-pointing-to-left.png */; };
		7D9502261D2FC74E00B57D4D /* arrow-pointing-to-right.png in Resources */ = {isa = PBXBuildFile; fileRef = 7D9502101D2FC74E00B57D4D /* arrow-pointing-to-right.png */; };
		7D9502271D2FC74E00B57D4D /* benefit-chart.png in Resources */ = {isa = PBXBuildFile; fileRef = 7D9502111D2FC74E00B57D4D /* benefit-chart.png */; };
		7D9502281D2FC74E00B57D4D /* calendar-with-day-5.png in Resources */ = {isa = PBXBuildFile; fileRef = 7D9502121D2FC74E00B57D4D /* calendar-with-day-5.png */; };
		7D9502291D2FC74E00B57D4D /* dia.png in Resources */ = {isa = PBXBuildFile; fileRef = 7D9502131D2FC74E00B57D4D /* dia.png */; };
		7D95022A1D2FC74E00B57D4D /* edit-tool.png in Resources */ = {isa = PBXBuildFile; fileRef = 7D9502141D2FC74E00B57D4D /* edit-tool.png */; };
		7D95022B1D2FC74E00B57D4D /* heart.png in Resources */ = {isa = PBXBuildFile; fileRef = 7D9502151D2FC74E00B57D4D /* heart.png */; };
		7D95022C1D2FC74E00B57D4D /* home.png in Resources */ = {isa = PBXBuildFile; fileRef = 7D9502161D2FC74E00B57D4D /* home.png */; };
		7D95022D1D2FC74E00B57D4D /* KakaoTalk_Photo_2016-07-05-19-01-18_19.jpeg in Resources */ = {isa = PBXBuildFile; fileRef = 7D9502171D2FC74E00B57D4D /* KakaoTalk_Photo_2016-07-05-19-01-18_19.jpeg */; };
		7D95022E1D2FC74E00B57D4D /* KakaoTalk_Photo_2016-07-05-19-01-20_21.jpeg in Resources */ = {isa = PBXBuildFile; fileRef = 7D9502181D2FC74E00B57D4D /* KakaoTalk_Photo_2016-07-05-19-01-20_21.jpeg */; };
		7D95022F1D2FC74E00B57D4D /* KakaoTalk_Photo_2016-07-05-19-01-21_99.jpeg in Resources */ = {isa = PBXBuildFile; fileRef = 7D9502191D2FC74E00B57D4D /* KakaoTalk_Photo_2016-07-05-19-01-21_99.jpeg */; };
		7D9502301D2FC74E00B57D4D /* KakaoTalk_Photo_2016-07-05-19-01-22_93.jpeg in Resources */ = {isa = PBXBuildFile; fileRef = 7D95021A1D2FC74E00B57D4D /* KakaoTalk_Photo_2016-07-05-19-01-22_93.jpeg */; };
		7D9502311D2FC74E00B57D4D /* KakaoTalk_Photo_2016-07-07-00-19-50_99.png in Resources */ = {isa = PBXBuildFile; fileRef = 7D95021B1D2FC74E00B57D4D /* KakaoTalk_Photo_2016-07-07-00-19-50_99.png */; };
		7D9502321D2FC74E00B57D4D /* KakaoTalk_Photo_2016-07-07-00-20-00_74.png in Resources */ = {isa = PBXBuildFile; fileRef = 7D95021C1D2FC74E00B57D4D /* KakaoTalk_Photo_2016-07-07-00-20-00_74.png */; };
		7D9502331D2FC74E00B57D4D /* location-pointer-1.png in Resources */ = {isa = PBXBuildFile; fileRef = 7D95021D1D2FC74E00B57D4D /* location-pointer-1.png */; };
		7D9502341D2FC74E00B57D4D /* note.png in Resources */ = {isa = PBXBuildFile; fileRef = 7D95021E1D2FC74E00B57D4D /* note.png */; };
		7D9502351D2FC74E00B57D4D /* photo-camera.png in Resources */ = {isa = PBXBuildFile; fileRef = 7D95021F1D2FC74E00B57D4D /* photo-camera.png */; };
		7D9502361D2FC74E00B57D4D /* piece-of-paper-and-pencil.png in Resources */ = {isa = PBXBuildFile; fileRef = 7D9502201D2FC74E00B57D4D /* piece-of-paper-and-pencil.png */; };
		7D9502371D2FC74E00B57D4D /* screwdriver-and-wrench.png in Resources */ = {isa = PBXBuildFile; fileRef = 7D9502211D2FC74E00B57D4D /* screwdriver-and-wrench.png */; };
		7D9502381D2FC74E00B57D4D /* star.png in Resources */ = {isa = PBXBuildFile; fileRef = 7D9502221D2FC74E00B57D4D /* star.png */; };
		7D9502391D2FC74E00B57D4D /* uploading-files-to-the-cloud.png in Resources */ = {isa = PBXBuildFile; fileRef = 7D9502231D2FC74E00B57D4D /* uploading-files-to-the-cloud.png */; };
		7D9502791D2FD09900B57D4D /* NSDate+convenience.m in Sources */ = {isa = PBXBuildFile; fileRef = 7D95026C1D2FD09900B57D4D /* NSDate+convenience.m */; };
		7D95027A1D2FD09900B57D4D /* NSMutableArray+convenience.m in Sources */ = {isa = PBXBuildFile; fileRef = 7D95026E1D2FD09900B57D4D /* NSMutableArray+convenience.m */; };
		7D95027B1D2FD09900B57D4D /* UIColor+expanded.m in Sources */ = {isa = PBXBuildFile; fileRef = 7D9502701D2FD09900B57D4D /* UIColor+expanded.m */; };
		7D95027C1D2FD09900B57D4D /* UIView+convenience.m in Sources */ = {isa = PBXBuildFile; fileRef = 7D9502721D2FD09900B57D4D /* UIView+convenience.m */; };
		7D95027D1D2FD09900B57D4D /* VRGAppDelegate.m in Sources */ = {isa = PBXBuildFile; fileRef = 7D9502741D2FD09900B57D4D /* VRGAppDelegate.m */; };
		7DA28EAE1D32336800DDBBC2 /* DiaryEditViewController.m in Sources */ = {isa = PBXBuildFile; fileRef = 7DA28EA51D32336800DDBBC2 /* DiaryEditViewController.m */; };
		7DA28EAF1D32336800DDBBC2 /* DiaryViewController.m in Sources */ = {isa = PBXBuildFile; fileRef = 7DA28EA71D32336800DDBBC2 /* DiaryViewController.m */; };
		7DA28EB01D32336800DDBBC2 /* EmoticonViewController.m in Sources */ = {isa = PBXBuildFile; fileRef = 7DA28EA91D32336800DDBBC2 /* EmoticonViewController.m */; };
		7DA28EB11D32336800DDBBC2 /* VRGCalendarView.m in Sources */ = {isa = PBXBuildFile; fileRef = 7DA28EAB1D32336800DDBBC2 /* VRGCalendarView.m */; };
		7DA28EB21D32336800DDBBC2 /* VRGCalendarViewController.m in Sources */ = {isa = PBXBuildFile; fileRef = 7DA28EAD1D32336800DDBBC2 /* VRGCalendarViewController.m */; };
		BF76DDAC1D24181800E5F658 /* main.m in Sources */ = {isa = PBXBuildFile; fileRef = BF76DDAB1D24181800E5F658 /* main.m */; };
		BF76DDAF1D24181800E5F658 /* AppDelegate.m in Sources */ = {isa = PBXBuildFile; fileRef = BF76DDAE1D24181800E5F658 /* AppDelegate.m */; };
		BF76DDB21D24181800E5F658 /* ViewController.m in Sources */ = {isa = PBXBuildFile; fileRef = BF76DDB11D24181800E5F658 /* ViewController.m */; };
		BF76DDB51D24181800E5F658 /* Main.storyboard in Resources */ = {isa = PBXBuildFile; fileRef = BF76DDB31D24181800E5F658 /* Main.storyboard */; };
		BF76DDB71D24181800E5F658 /* Assets.xcassets in Resources */ = {isa = PBXBuildFile; fileRef = BF76DDB61D24181800E5F658 /* Assets.xcassets */; };
		BF76DDBA1D24181800E5F658 /* LaunchScreen.storyboard in Resources */ = {isa = PBXBuildFile; fileRef = BF76DDB81D24181800E5F658 /* LaunchScreen.storyboard */; };
		BF80FCAB1D264F6B00ADB9E8 /* CoreLocation.framework in Frameworks */ = {isa = PBXBuildFile; fileRef = BF80FCAA1D264F6B00ADB9E8 /* CoreLocation.framework */; };
		BFF1C2E51D2CBEA800E995D9 /* MapKit.framework in Frameworks */ = {isa = PBXBuildFile; fileRef = BFF1C2E41D2CBEA800E995D9 /* MapKit.framework */; };
/* End PBXBuildFile section */

/* Begin PBXFileReference section */
		226A3A211D2EB7A700FC0FF8 /* DatePickerViewController.h */ = {isa = PBXFileReference; fileEncoding = 4; lastKnownFileType = sourcecode.c.h; path = DatePickerViewController.h; sourceTree = "<group>"; };
		226A3A221D2EB7A700FC0FF8 /* DatePickerViewController.m */ = {isa = PBXFileReference; fileEncoding = 4; lastKnownFileType = sourcecode.c.objc; path = DatePickerViewController.m; sourceTree = "<group>"; };
		226A3A231D2EB7A700FC0FF8 /* HistoricViewController.h */ = {isa = PBXFileReference; fileEncoding = 4; lastKnownFileType = sourcecode.c.h; path = HistoricViewController.h; sourceTree = "<group>"; };
		226A3A241D2EB7A700FC0FF8 /* HistoricViewController.m */ = {isa = PBXFileReference; fileEncoding = 4; lastKnownFileType = sourcecode.c.objc; path = HistoricViewController.m; sourceTree = "<group>"; };
		226A3A251D2EB7A700FC0FF8 /* PedometerViewController.h */ = {isa = PBXFileReference; fileEncoding = 4; lastKnownFileType = sourcecode.c.h; path = PedometerViewController.h; sourceTree = "<group>"; };
		226A3A261D2EB7A700FC0FF8 /* PedometerViewController.m */ = {isa = PBXFileReference; fileEncoding = 4; lastKnownFileType = sourcecode.c.objc; path = PedometerViewController.m; sourceTree = "<group>"; };
		226A3A2A1D2EB7CD00FC0FF8 /* MainViewController.h */ = {isa = PBXFileReference; fileEncoding = 4; lastKnownFileType = sourcecode.c.h; path = MainViewController.h; sourceTree = "<group>"; };
		226A3A2B1D2EB7CD00FC0FF8 /* MainViewController.m */ = {isa = PBXFileReference; fileEncoding = 4; lastKnownFileType = sourcecode.c.objc; path = MainViewController.m; sourceTree = "<group>"; };
		226A3A2D1D2EB8F000FC0FF8 /* HealthModel.h */ = {isa = PBXFileReference; fileEncoding = 4; lastKnownFileType = sourcecode.c.h; path = HealthModel.h; sourceTree = "<group>"; };
		226A3A2E1D2EB8F000FC0FF8 /* HealthModel.m */ = {isa = PBXFileReference; fileEncoding = 4; lastKnownFileType = sourcecode.c.objc; path = HealthModel.m; sourceTree = "<group>"; };
		2853465A1D2C27090001F378 /* KakaoTalk_Photo_2016-07-05-19-01-18_19.jpeg */ = {isa = PBXFileReference; lastKnownFileType = image.jpeg; path = "KakaoTalk_Photo_2016-07-05-19-01-18_19.jpeg"; sourceTree = "<group>"; };
		2853465B1D2C27090001F378 /* KakaoTalk_Photo_2016-07-05-19-01-20_21.jpeg */ = {isa = PBXFileReference; lastKnownFileType = image.jpeg; path = "KakaoTalk_Photo_2016-07-05-19-01-20_21.jpeg"; sourceTree = "<group>"; };
		2853465C1D2C27090001F378 /* KakaoTalk_Photo_2016-07-05-19-01-21_99.jpeg */ = {isa = PBXFileReference; lastKnownFileType = image.jpeg; path = "KakaoTalk_Photo_2016-07-05-19-01-21_99.jpeg"; sourceTree = "<group>"; };
		2853465D1D2C27090001F378 /* KakaoTalk_Photo_2016-07-05-19-01-22_93.jpeg */ = {isa = PBXFileReference; lastKnownFileType = image.jpeg; path = "KakaoTalk_Photo_2016-07-05-19-01-22_93.jpeg"; sourceTree = "<group>"; };
		285346761D2C2D6E0001F378 /* Sticker.h */ = {isa = PBXFileReference; fileEncoding = 4; lastKnownFileType = sourcecode.c.h; path = Sticker.h; sourceTree = "<group>"; };
		285346771D2C2D6E0001F378 /* Sticker.m */ = {isa = PBXFileReference; fileEncoding = 4; lastKnownFileType = sourcecode.c.objc; path = Sticker.m; sourceTree = "<group>"; };
		285346791D2C2EC20001F378 /* StickerModel.h */ = {isa = PBXFileReference; fileEncoding = 4; lastKnownFileType = sourcecode.c.h; path = StickerModel.h; sourceTree = "<group>"; };
		2853467A1D2C2EC20001F378 /* StickerModel.m */ = {isa = PBXFileReference; fileEncoding = 4; lastKnownFileType = sourcecode.c.objc; path = StickerModel.m; sourceTree = "<group>"; };
		2853467C1D2C34160001F378 /* Emoticon.h */ = {isa = PBXFileReference; fileEncoding = 4; lastKnownFileType = sourcecode.c.h; path = Emoticon.h; sourceTree = "<group>"; };
		2853467D1D2C34160001F378 /* Emoticon.m */ = {isa = PBXFileReference; fileEncoding = 4; lastKnownFileType = sourcecode.c.objc; path = Emoticon.m; sourceTree = "<group>"; };
		286EC5A91D2A7F0A0002A8EB /* libsqlite3.tbd */ = {isa = PBXFileReference; lastKnownFileType = "sourcecode.text-based-dylib-definition"; name = libsqlite3.tbd; path = usr/lib/libsqlite3.tbd; sourceTree = SDKROOT; };
		286EC5C11D2C16F20002A8EB /* DBConnector.h */ = {isa = PBXFileReference; fileEncoding = 4; lastKnownFileType = sourcecode.c.h; path = DBConnector.h; sourceTree = "<group>"; };
		286EC5C21D2C16F20002A8EB /* DBConnector.m */ = {isa = PBXFileReference; fileEncoding = 4; lastKnownFileType = sourcecode.c.objc; path = DBConnector.m; sourceTree = "<group>"; };
		286EC5C31D2C16F20002A8EB /* Diary.h */ = {isa = PBXFileReference; fileEncoding = 4; lastKnownFileType = sourcecode.c.h; path = Diary.h; sourceTree = "<group>"; };
		286EC5C41D2C16F20002A8EB /* Diary.m */ = {isa = PBXFileReference; fileEncoding = 4; lastKnownFileType = sourcecode.c.objc; path = Diary.m; sourceTree = "<group>"; };
		286EC5C51D2C16F20002A8EB /* DiaryModel.h */ = {isa = PBXFileReference; fileEncoding = 4; lastKnownFileType = sourcecode.c.h; path = DiaryModel.h; sourceTree = "<group>"; };
		286EC5C61D2C16F20002A8EB /* DiaryModel.m */ = {isa = PBXFileReference; fileEncoding = 4; lastKnownFileType = sourcecode.c.objc; path = DiaryModel.m; sourceTree = "<group>"; };
		286EC5C71D2C16F20002A8EB /* Footprint.h */ = {isa = PBXFileReference; fileEncoding = 4; lastKnownFileType = sourcecode.c.h; path = Footprint.h; sourceTree = "<group>"; };
		286EC5C81D2C16F20002A8EB /* Footprint.m */ = {isa = PBXFileReference; fileEncoding = 4; lastKnownFileType = sourcecode.c.objc; path = Footprint.m; sourceTree = "<group>"; };
		286EC5C91D2C16F20002A8EB /* FootprintModel.h */ = {isa = PBXFileReference; fileEncoding = 4; lastKnownFileType = sourcecode.c.h; path = FootprintModel.h; sourceTree = "<group>"; };
		286EC5CA1D2C16F20002A8EB /* FootprintModel.m */ = {isa = PBXFileReference; fileEncoding = 4; lastKnownFileType = sourcecode.c.objc; path = FootprintModel.m; sourceTree = "<group>"; };
		286EC5CB1D2C16F20002A8EB /* User.h */ = {isa = PBXFileReference; fileEncoding = 4; lastKnownFileType = sourcecode.c.h; path = User.h; sourceTree = "<group>"; };
		286EC5CC1D2C16F20002A8EB /* User.m */ = {isa = PBXFileReference; fileEncoding = 4; lastKnownFileType = sourcecode.c.objc; path = User.m; sourceTree = "<group>"; };
		286EC5CD1D2C16F20002A8EB /* UserModel.h */ = {isa = PBXFileReference; fileEncoding = 4; lastKnownFileType = sourcecode.c.h; path = UserModel.h; sourceTree = "<group>"; };
		286EC5CE1D2C16F20002A8EB /* UserModel.m */ = {isa = PBXFileReference; fileEncoding = 4; lastKnownFileType = sourcecode.c.objc; path = UserModel.m; sourceTree = "<group>"; };
		28CBDB431D2C3C980053D0DE /* EmoticonModel.h */ = {isa = PBXFileReference; fileEncoding = 4; lastKnownFileType = sourcecode.c.h; path = EmoticonModel.h; sourceTree = "<group>"; };
		28CBDB441D2C3C980053D0DE /* EmoticonModel.m */ = {isa = PBXFileReference; fileEncoding = 4; lastKnownFileType = sourcecode.c.objc; path = EmoticonModel.m; sourceTree = "<group>"; };
		28E5E1881D2C491100D8B9E3 /* Photo.h */ = {isa = PBXFileReference; fileEncoding = 4; lastKnownFileType = sourcecode.c.h; path = Photo.h; sourceTree = "<group>"; };
		28E5E1891D2C491100D8B9E3 /* Photo.m */ = {isa = PBXFileReference; fileEncoding = 4; lastKnownFileType = sourcecode.c.objc; path = Photo.m; sourceTree = "<group>"; };
		28E5E18B1D2C4A3500D8B9E3 /* PhotoModel.h */ = {isa = PBXFileReference; fileEncoding = 4; lastKnownFileType = sourcecode.c.h; path = PhotoModel.h; sourceTree = "<group>"; };
		28E5E18C1D2C4A3500D8B9E3 /* PhotoModel.m */ = {isa = PBXFileReference; fileEncoding = 4; lastKnownFileType = sourcecode.c.objc; path = PhotoModel.m; sourceTree = "<group>"; };
		28E5E18E1D2C58C200D8B9E3 /* Health.h */ = {isa = PBXFileReference; fileEncoding = 4; lastKnownFileType = sourcecode.c.h; path = Health.h; sourceTree = "<group>"; };
		28E5E18F1D2C58C200D8B9E3 /* Health.m */ = {isa = PBXFileReference; fileEncoding = 4; lastKnownFileType = sourcecode.c.objc; path = Health.m; sourceTree = "<group>"; };
		28E5E1941D2C7A3D00D8B9E3 /* HealthInformation.h */ = {isa = PBXFileReference; fileEncoding = 4; lastKnownFileType = sourcecode.c.h; path = HealthInformation.h; sourceTree = "<group>"; };
		28E5E1951D2C7A3D00D8B9E3 /* HealthInformation.m */ = {isa = PBXFileReference; fileEncoding = 4; lastKnownFileType = sourcecode.c.objc; path = HealthInformation.m; sourceTree = "<group>"; };
		28E5E1971D2C7CA900D8B9E3 /* HealthInformationModel.h */ = {isa = PBXFileReference; fileEncoding = 4; lastKnownFileType = sourcecode.c.h; path = HealthInformationModel.h; sourceTree = "<group>"; };
		28E5E1981D2C7CA900D8B9E3 /* HealthInformationModel.m */ = {isa = PBXFileReference; fileEncoding = 4; lastKnownFileType = sourcecode.c.objc; path = HealthInformationModel.m; sourceTree = "<group>"; };
		28E5E1E61D2ED73400D8B9E3 /* Theme.h */ = {isa = PBXFileReference; fileEncoding = 4; lastKnownFileType = sourcecode.c.h; path = Theme.h; sourceTree = "<group>"; };
		28E5E1E71D2ED73400D8B9E3 /* Theme.m */ = {isa = PBXFileReference; fileEncoding = 4; lastKnownFileType = sourcecode.c.objc; path = Theme.m; sourceTree = "<group>"; };
		28E5E1E91D2EE59900D8B9E3 /* ThemeModel.h */ = {isa = PBXFileReference; fileEncoding = 4; lastKnownFileType = sourcecode.c.h; path = ThemeModel.h; sourceTree = "<group>"; };
		28E5E1EA1D2EE59900D8B9E3 /* ThemeModel.m */ = {isa = PBXFileReference; fileEncoding = 4; lastKnownFileType = sourcecode.c.objc; path = ThemeModel.m; sourceTree = "<group>"; };
		28E5E2151D302F0800D8B9E3 /* DaumMap.framework */ = {isa = PBXFileReference; lastKnownFileType = wrapper.framework; path = DaumMap.framework; sourceTree = "<group>"; };
		28E5E2171D302F0800D8B9E3 /* copyright.png */ = {isa = PBXFileReference; lastKnownFileType = image.png; path = copyright.png; sourceTree = "<group>"; };
		28E5E2181D302F0800D8B9E3 /* daum_copyright.png */ = {isa = PBXFileReference; lastKnownFileType = image.png; path = daum_copyright.png; sourceTree = "<group>"; };
		28E5E2191D302F0800D8B9E3 /* daum_th_line.png */ = {isa = PBXFileReference; lastKnownFileType = image.png; path = daum_th_line.png; sourceTree = "<group>"; };
		28E5E21A1D302F0800D8B9E3 /* detail_button.png */ = {isa = PBXFileReference; lastKnownFileType = image.png; path = detail_button.png; sourceTree = "<group>"; };
		28E5E21B1D302F0800D8B9E3 /* info_box.png */ = {isa = PBXFileReference; lastKnownFileType = image.png; path = info_box.png; sourceTree = "<group>"; };
		28E5E21C1D302F0800D8B9E3 /* info_box_tail.png */ = {isa = PBXFileReference; lastKnownFileType = image.png; path = info_box_tail.png; sourceTree = "<group>"; };
		28E5E21D1D302F0800D8B9E3 /* map_pin.png */ = {isa = PBXFileReference; lastKnownFileType = image.png; path = map_pin.png; sourceTree = "<group>"; };
		28E5E21E1D302F0800D8B9E3 /* map_pin@3x.png */ = {isa = PBXFileReference; lastKnownFileType = image.png; path = "map_pin@3x.png"; sourceTree = "<group>"; };
		28E5E21F1D302F0800D8B9E3 /* map_pin_custom.png */ = {isa = PBXFileReference; lastKnownFileType = image.png; path = map_pin_custom.png; sourceTree = "<group>"; };
		28E5E2201D302F0800D8B9E3 /* map_pin_custom@3x.png */ = {isa = PBXFileReference; lastKnownFileType = image.png; path = "map_pin_custom@3x.png"; sourceTree = "<group>"; };
		28E5E2211D302F0800D8B9E3 /* map_pin_red.png */ = {isa = PBXFileReference; lastKnownFileType = image.png; path = map_pin_red.png; sourceTree = "<group>"; };
		28E5E2221D302F0800D8B9E3 /* map_pin_red@3x.png */ = {isa = PBXFileReference; lastKnownFileType = image.png; path = "map_pin_red@3x.png"; sourceTree = "<group>"; };
		28E5E2231D302F0800D8B9E3 /* map_pin_shadow.png */ = {isa = PBXFileReference; lastKnownFileType = image.png; path = map_pin_shadow.png; sourceTree = "<group>"; };
		28E5E2241D302F0800D8B9E3 /* map_pin_shadow@3x.png */ = {isa = PBXFileReference; lastKnownFileType = image.png; path = "map_pin_shadow@3x.png"; sourceTree = "<group>"; };
		28E5E2251D302F0800D8B9E3 /* map_pinup.png */ = {isa = PBXFileReference; lastKnownFileType = image.png; path = map_pinup.png; sourceTree = "<group>"; };
		28E5E2261D302F0800D8B9E3 /* map_pinup@3x.png */ = {isa = PBXFileReference; lastKnownFileType = image.png; path = "map_pinup@3x.png"; sourceTree = "<group>"; };
		28E5E2271D302F0800D8B9E3 /* map_pinup_custom.png */ = {isa = PBXFileReference; lastKnownFileType = image.png; path = map_pinup_custom.png; sourceTree = "<group>"; };
		28E5E2281D302F0800D8B9E3 /* map_pinup_custom@3x.png */ = {isa = PBXFileReference; lastKnownFileType = image.png; path = "map_pinup_custom@3x.png"; sourceTree = "<group>"; };
		28E5E2291D302F0800D8B9E3 /* map_present.png */ = {isa = PBXFileReference; lastKnownFileType = image.png; path = map_present.png; sourceTree = "<group>"; };
		28E5E22A1D302F0800D8B9E3 /* map_present_background_update.png */ = {isa = PBXFileReference; lastKnownFileType = image.png; path = map_present_background_update.png; sourceTree = "<group>"; };
		28E5E22B1D302F0800D8B9E3 /* map_present_direction.png */ = {isa = PBXFileReference; lastKnownFileType = image.png; path = map_present_direction.png; sourceTree = "<group>"; };
		28E5E22C1D302F0800D8B9E3 /* map_present_tracking.png */ = {isa = PBXFileReference; lastKnownFileType = image.png; path = map_present_tracking.png; sourceTree = "<group>"; };
		28E5E22D1D302F0800D8B9E3 /* noimage.png */ = {isa = PBXFileReference; lastKnownFileType = image.png; path = noimage.png; sourceTree = "<group>"; };
		28E5E22E1D302F0800D8B9E3 /* noimage256.png */ = {isa = PBXFileReference; lastKnownFileType = image.png; path = noimage256.png; sourceTree = "<group>"; };
		28E5E22F1D302F0800D8B9E3 /* point_sprite.png */ = {isa = PBXFileReference; lastKnownFileType = image.png; path = point_sprite.png; sourceTree = "<group>"; };
		28E5E2301D302F0800D8B9E3 /* shadow_balloon.png */ = {isa = PBXFileReference; lastKnownFileType = image.png; path = shadow_balloon.png; sourceTree = "<group>"; };
		28E5E2311D302F0800D8B9E3 /* th_line.png */ = {isa = PBXFileReference; lastKnownFileType = image.png; path = th_line.png; sourceTree = "<group>"; };
		28E5E24E1D302FBF00D8B9E3 /* SystemConfiguration.framework */ = {isa = PBXFileReference; lastKnownFileType = wrapper.framework; name = SystemConfiguration.framework; path = System/Library/Frameworks/SystemConfiguration.framework; sourceTree = SDKROOT; };
		28E5E2501D302FD200D8B9E3 /* QuartzCore.framework */ = {isa = PBXFileReference; lastKnownFileType = wrapper.framework; name = QuartzCore.framework; path = System/Library/Frameworks/QuartzCore.framework; sourceTree = SDKROOT; };
		28E5E2521D302FE900D8B9E3 /* libstdc++.6.0.9.tbd */ = {isa = PBXFileReference; lastKnownFileType = "sourcecode.text-based-dylib-definition"; name = "libstdc++.6.0.9.tbd"; path = "usr/lib/libstdc++.6.0.9.tbd"; sourceTree = SDKROOT; };
		28E5E2541D302FF500D8B9E3 /* libxml2.2.tbd */ = {isa = PBXFileReference; lastKnownFileType = "sourcecode.text-based-dylib-definition"; name = libxml2.2.tbd; path = usr/lib/libxml2.2.tbd; sourceTree = SDKROOT; };
		28E5E25C1D3031B000D8B9E3 /* FootprintViewController.h */ = {isa = PBXFileReference; fileEncoding = 4; lastKnownFileType = sourcecode.c.h; path = FootprintViewController.h; sourceTree = "<group>"; };
		28E5E25D1D3031B000D8B9E3 /* FootprintViewController.m */ = {isa = PBXFileReference; fileEncoding = 4; lastKnownFileType = sourcecode.c.objc; path = FootprintViewController.m; sourceTree = "<group>"; };
		7D95020E1D2FC74E00B57D4D /* 참잘했어요.png */ = {isa = PBXFileReference; lastKnownFileType = image.png; path = "참잘했어요.png"; sourceTree = "<group>"; };
		7D95020F1D2FC74E00B57D4D /* arrow-pointing-to-left.png */ = {isa = PBXFileReference; lastKnownFileType = image.png; path = "arrow-pointing-to-left.png"; sourceTree = "<group>"; };
		7D9502101D2FC74E00B57D4D /* arrow-pointing-to-right.png */ = {isa = PBXFileReference; lastKnownFileType = image.png; path = "arrow-pointing-to-right.png"; sourceTree = "<group>"; };
		7D9502111D2FC74E00B57D4D /* benefit-chart.png */ = {isa = PBXFileReference; lastKnownFileType = image.png; path = "benefit-chart.png"; sourceTree = "<group>"; };
		7D9502121D2FC74E00B57D4D /* calendar-with-day-5.png */ = {isa = PBXFileReference; lastKnownFileType = image.png; path = "calendar-with-day-5.png"; sourceTree = "<group>"; };
		7D9502131D2FC74E00B57D4D /* dia.png */ = {isa = PBXFileReference; lastKnownFileType = image.png; path = dia.png; sourceTree = "<group>"; };
		7D9502141D2FC74E00B57D4D /* edit-tool.png */ = {isa = PBXFileReference; lastKnownFileType = image.png; path = "edit-tool.png"; sourceTree = "<group>"; };
		7D9502151D2FC74E00B57D4D /* heart.png */ = {isa = PBXFileReference; lastKnownFileType = image.png; path = heart.png; sourceTree = "<group>"; };
		7D9502161D2FC74E00B57D4D /* home.png */ = {isa = PBXFileReference; lastKnownFileType = image.png; path = home.png; sourceTree = "<group>"; };
		7D9502171D2FC74E00B57D4D /* KakaoTalk_Photo_2016-07-05-19-01-18_19.jpeg */ = {isa = PBXFileReference; lastKnownFileType = image.jpeg; path = "KakaoTalk_Photo_2016-07-05-19-01-18_19.jpeg"; sourceTree = "<group>"; };
		7D9502181D2FC74E00B57D4D /* KakaoTalk_Photo_2016-07-05-19-01-20_21.jpeg */ = {isa = PBXFileReference; lastKnownFileType = image.jpeg; path = "KakaoTalk_Photo_2016-07-05-19-01-20_21.jpeg"; sourceTree = "<group>"; };
		7D9502191D2FC74E00B57D4D /* KakaoTalk_Photo_2016-07-05-19-01-21_99.jpeg */ = {isa = PBXFileReference; lastKnownFileType = image.jpeg; path = "KakaoTalk_Photo_2016-07-05-19-01-21_99.jpeg"; sourceTree = "<group>"; };
		7D95021A1D2FC74E00B57D4D /* KakaoTalk_Photo_2016-07-05-19-01-22_93.jpeg */ = {isa = PBXFileReference; lastKnownFileType = image.jpeg; path = "KakaoTalk_Photo_2016-07-05-19-01-22_93.jpeg"; sourceTree = "<group>"; };
		7D95021B1D2FC74E00B57D4D /* KakaoTalk_Photo_2016-07-07-00-19-50_99.png */ = {isa = PBXFileReference; lastKnownFileType = image.png; path = "KakaoTalk_Photo_2016-07-07-00-19-50_99.png"; sourceTree = "<group>"; };
		7D95021C1D2FC74E00B57D4D /* KakaoTalk_Photo_2016-07-07-00-20-00_74.png */ = {isa = PBXFileReference; lastKnownFileType = image.png; path = "KakaoTalk_Photo_2016-07-07-00-20-00_74.png"; sourceTree = "<group>"; };
		7D95021D1D2FC74E00B57D4D /* location-pointer-1.png */ = {isa = PBXFileReference; lastKnownFileType = image.png; path = "location-pointer-1.png"; sourceTree = "<group>"; };
		7D95021E1D2FC74E00B57D4D /* note.png */ = {isa = PBXFileReference; lastKnownFileType = image.png; path = note.png; sourceTree = "<group>"; };
		7D95021F1D2FC74E00B57D4D /* photo-camera.png */ = {isa = PBXFileReference; lastKnownFileType = image.png; path = "photo-camera.png"; sourceTree = "<group>"; };
		7D9502201D2FC74E00B57D4D /* piece-of-paper-and-pencil.png */ = {isa = PBXFileReference; lastKnownFileType = image.png; path = "piece-of-paper-and-pencil.png"; sourceTree = "<group>"; };
		7D9502211D2FC74E00B57D4D /* screwdriver-and-wrench.png */ = {isa = PBXFileReference; lastKnownFileType = image.png; path = "screwdriver-and-wrench.png"; sourceTree = "<group>"; };
		7D9502221D2FC74E00B57D4D /* star.png */ = {isa = PBXFileReference; lastKnownFileType = image.png; path = star.png; sourceTree = "<group>"; };
		7D9502231D2FC74E00B57D4D /* uploading-files-to-the-cloud.png */ = {isa = PBXFileReference; lastKnownFileType = image.png; path = "uploading-files-to-the-cloud.png"; sourceTree = "<group>"; };
		7D95026B1D2FD09900B57D4D /* NSDate+convenience.h */ = {isa = PBXFileReference; fileEncoding = 4; lastKnownFileType = sourcecode.c.h; path = "NSDate+convenience.h"; sourceTree = "<group>"; };
		7D95026C1D2FD09900B57D4D /* NSDate+convenience.m */ = {isa = PBXFileReference; fileEncoding = 4; lastKnownFileType = sourcecode.c.objc; path = "NSDate+convenience.m"; sourceTree = "<group>"; };
		7D95026D1D2FD09900B57D4D /* NSMutableArray+convenience.h */ = {isa = PBXFileReference; fileEncoding = 4; lastKnownFileType = sourcecode.c.h; path = "NSMutableArray+convenience.h"; sourceTree = "<group>"; };
		7D95026E1D2FD09900B57D4D /* NSMutableArray+convenience.m */ = {isa = PBXFileReference; fileEncoding = 4; lastKnownFileType = sourcecode.c.objc; path = "NSMutableArray+convenience.m"; sourceTree = "<group>"; };
		7D95026F1D2FD09900B57D4D /* UIColor+expanded.h */ = {isa = PBXFileReference; fileEncoding = 4; lastKnownFileType = sourcecode.c.h; path = "UIColor+expanded.h"; sourceTree = "<group>"; };
		7D9502701D2FD09900B57D4D /* UIColor+expanded.m */ = {isa = PBXFileReference; fileEncoding = 4; lastKnownFileType = sourcecode.c.objc; path = "UIColor+expanded.m"; sourceTree = "<group>"; };
		7D9502711D2FD09900B57D4D /* UIView+convenience.h */ = {isa = PBXFileReference; fileEncoding = 4; lastKnownFileType = sourcecode.c.h; path = "UIView+convenience.h"; sourceTree = "<group>"; };
		7D9502721D2FD09900B57D4D /* UIView+convenience.m */ = {isa = PBXFileReference; fileEncoding = 4; lastKnownFileType = sourcecode.c.objc; path = "UIView+convenience.m"; sourceTree = "<group>"; };
		7D9502731D2FD09900B57D4D /* VRGAppDelegate.h */ = {isa = PBXFileReference; fileEncoding = 4; lastKnownFileType = sourcecode.c.h; path = VRGAppDelegate.h; sourceTree = "<group>"; };
		7D9502741D2FD09900B57D4D /* VRGAppDelegate.m */ = {isa = PBXFileReference; fileEncoding = 4; lastKnownFileType = sourcecode.c.objc; path = VRGAppDelegate.m; sourceTree = "<group>"; };
		7DA28EA41D32336800DDBBC2 /* DiaryEditViewController.h */ = {isa = PBXFileReference; fileEncoding = 4; lastKnownFileType = sourcecode.c.h; path = DiaryEditViewController.h; sourceTree = "<group>"; };
		7DA28EA51D32336800DDBBC2 /* DiaryEditViewController.m */ = {isa = PBXFileReference; fileEncoding = 4; lastKnownFileType = sourcecode.c.objc; path = DiaryEditViewController.m; sourceTree = "<group>"; };
		7DA28EA61D32336800DDBBC2 /* DiaryViewController.h */ = {isa = PBXFileReference; fileEncoding = 4; lastKnownFileType = sourcecode.c.h; path = DiaryViewController.h; sourceTree = "<group>"; };
		7DA28EA71D32336800DDBBC2 /* DiaryViewController.m */ = {isa = PBXFileReference; fileEncoding = 4; lastKnownFileType = sourcecode.c.objc; path = DiaryViewController.m; sourceTree = "<group>"; };
		7DA28EA81D32336800DDBBC2 /* EmoticonViewController.h */ = {isa = PBXFileReference; fileEncoding = 4; lastKnownFileType = sourcecode.c.h; path = EmoticonViewController.h; sourceTree = "<group>"; };
		7DA28EA91D32336800DDBBC2 /* EmoticonViewController.m */ = {isa = PBXFileReference; fileEncoding = 4; lastKnownFileType = sourcecode.c.objc; path = EmoticonViewController.m; sourceTree = "<group>"; };
		7DA28EAA1D32336800DDBBC2 /* VRGCalendarView.h */ = {isa = PBXFileReference; fileEncoding = 4; lastKnownFileType = sourcecode.c.h; path = VRGCalendarView.h; sourceTree = "<group>"; };
		7DA28EAB1D32336800DDBBC2 /* VRGCalendarView.m */ = {isa = PBXFileReference; fileEncoding = 4; lastKnownFileType = sourcecode.c.objc; path = VRGCalendarView.m; sourceTree = "<group>"; };
		7DA28EAC1D32336800DDBBC2 /* VRGCalendarViewController.h */ = {isa = PBXFileReference; fileEncoding = 4; lastKnownFileType = sourcecode.c.h; path = VRGCalendarViewController.h; sourceTree = "<group>"; };
		7DA28EAD1D32336800DDBBC2 /* VRGCalendarViewController.m */ = {isa = PBXFileReference; fileEncoding = 4; lastKnownFileType = sourcecode.c.objc; path = VRGCalendarViewController.m; sourceTree = "<group>"; };
		BF76DDA71D24181800E5F658 /* Diary.app */ = {isa = PBXFileReference; explicitFileType = wrapper.application; includeInIndex = 0; path = Diary.app; sourceTree = BUILT_PRODUCTS_DIR; };
		BF76DDAB1D24181800E5F658 /* main.m */ = {isa = PBXFileReference; lastKnownFileType = sourcecode.c.objc; path = main.m; sourceTree = "<group>"; };
		BF76DDAD1D24181800E5F658 /* AppDelegate.h */ = {isa = PBXFileReference; lastKnownFileType = sourcecode.c.h; path = AppDelegate.h; sourceTree = "<group>"; };
		BF76DDAE1D24181800E5F658 /* AppDelegate.m */ = {isa = PBXFileReference; lastKnownFileType = sourcecode.c.objc; path = AppDelegate.m; sourceTree = "<group>"; };
		BF76DDB01D24181800E5F658 /* ViewController.h */ = {isa = PBXFileReference; lastKnownFileType = sourcecode.c.h; path = ViewController.h; sourceTree = "<group>"; };
		BF76DDB11D24181800E5F658 /* ViewController.m */ = {isa = PBXFileReference; lastKnownFileType = sourcecode.c.objc; path = ViewController.m; sourceTree = "<group>"; };
		BF76DDB41D24181800E5F658 /* Base */ = {isa = PBXFileReference; lastKnownFileType = file.storyboard; name = Base; path = Base.lproj/Main.storyboard; sourceTree = "<group>"; };
		BF76DDB61D24181800E5F658 /* Assets.xcassets */ = {isa = PBXFileReference; lastKnownFileType = folder.assetcatalog; path = Assets.xcassets; sourceTree = "<group>"; };
		BF76DDB91D24181800E5F658 /* Base */ = {isa = PBXFileReference; lastKnownFileType = file.storyboard; name = Base; path = Base.lproj/LaunchScreen.storyboard; sourceTree = "<group>"; };
		BF76DDBB1D24181800E5F658 /* Info.plist */ = {isa = PBXFileReference; lastKnownFileType = text.plist.xml; path = Info.plist; sourceTree = "<group>"; };
		BF80FCAA1D264F6B00ADB9E8 /* CoreLocation.framework */ = {isa = PBXFileReference; lastKnownFileType = wrapper.framework; name = CoreLocation.framework; path = System/Library/Frameworks/CoreLocation.framework; sourceTree = SDKROOT; };
		BFF1C2E41D2CBEA800E995D9 /* MapKit.framework */ = {isa = PBXFileReference; lastKnownFileType = wrapper.framework; name = MapKit.framework; path = System/Library/Frameworks/MapKit.framework; sourceTree = SDKROOT; };
/* End PBXFileReference section */

/* Begin PBXFrameworksBuildPhase section */
		BF76DDA41D24181800E5F658 /* Frameworks */ = {
			isa = PBXFrameworksBuildPhase;
			buildActionMask = 2147483647;
			files = (
				286EC5AA1D2A7F0A0002A8EB /* libsqlite3.tbd in Frameworks */,
				28E5E2551D302FF500D8B9E3 /* libxml2.2.tbd in Frameworks */,
				28E5E2531D302FE900D8B9E3 /* libstdc++.6.0.9.tbd in Frameworks */,
				28E5E2511D302FD200D8B9E3 /* QuartzCore.framework in Frameworks */,
				28E5E24F1D302FBF00D8B9E3 /* SystemConfiguration.framework in Frameworks */,
				28E5E2321D302F0800D8B9E3 /* DaumMap.framework in Frameworks */,
				BFF1C2E51D2CBEA800E995D9 /* MapKit.framework in Frameworks */,
				BF80FCAB1D264F6B00ADB9E8 /* CoreLocation.framework in Frameworks */,
			);
			runOnlyForDeploymentPostprocessing = 0;
		};
/* End PBXFrameworksBuildPhase section */

/* Begin PBXGroup section */
		226A3A201D2EB7A700FC0FF8 /* Pedometer */ = {
			isa = PBXGroup;
			children = (
				226A3A211D2EB7A700FC0FF8 /* DatePickerViewController.h */,
				226A3A221D2EB7A700FC0FF8 /* DatePickerViewController.m */,
				226A3A231D2EB7A700FC0FF8 /* HistoricViewController.h */,
				226A3A241D2EB7A700FC0FF8 /* HistoricViewController.m */,
				226A3A251D2EB7A700FC0FF8 /* PedometerViewController.h */,
				226A3A261D2EB7A700FC0FF8 /* PedometerViewController.m */,
			);
			path = Pedometer;
			sourceTree = "<group>";
		};
		285346331D2C22220001F378 /* Controller */ = {
			isa = PBXGroup;
			children = (
				28E5E25C1D3031B000D8B9E3 /* FootprintViewController.h */,
				28E5E25D1D3031B000D8B9E3 /* FootprintViewController.m */,
				226A3A2A1D2EB7CD00FC0FF8 /* MainViewController.h */,
				226A3A2B1D2EB7CD00FC0FF8 /* MainViewController.m */,
			);
			path = Controller;
			sourceTree = "<group>";
		};
		285346591D2C27090001F378 /* resource */ = {
			isa = PBXGroup;
			children = (
				7D95020E1D2FC74E00B57D4D /* 참잘했어요.png */,
				7D95020F1D2FC74E00B57D4D /* arrow-pointing-to-left.png */,
				7D9502101D2FC74E00B57D4D /* arrow-pointing-to-right.png */,
				7D9502111D2FC74E00B57D4D /* benefit-chart.png */,
				7D9502121D2FC74E00B57D4D /* calendar-with-day-5.png */,
				7D9502131D2FC74E00B57D4D /* dia.png */,
				7D9502141D2FC74E00B57D4D /* edit-tool.png */,
				7D9502151D2FC74E00B57D4D /* heart.png */,
				7D9502161D2FC74E00B57D4D /* home.png */,
				7D9502171D2FC74E00B57D4D /* KakaoTalk_Photo_2016-07-05-19-01-18_19.jpeg */,
				7D9502181D2FC74E00B57D4D /* KakaoTalk_Photo_2016-07-05-19-01-20_21.jpeg */,
				7D9502191D2FC74E00B57D4D /* KakaoTalk_Photo_2016-07-05-19-01-21_99.jpeg */,
				7D95021A1D2FC74E00B57D4D /* KakaoTalk_Photo_2016-07-05-19-01-22_93.jpeg */,
				7D95021B1D2FC74E00B57D4D /* KakaoTalk_Photo_2016-07-07-00-19-50_99.png */,
				7D95021C1D2FC74E00B57D4D /* KakaoTalk_Photo_2016-07-07-00-20-00_74.png */,
				7D95021D1D2FC74E00B57D4D /* location-pointer-1.png */,
				7D95021E1D2FC74E00B57D4D /* note.png */,
				7D95021F1D2FC74E00B57D4D /* photo-camera.png */,
				7D9502201D2FC74E00B57D4D /* piece-of-paper-and-pencil.png */,
				7D9502211D2FC74E00B57D4D /* screwdriver-and-wrench.png */,
				7D9502221D2FC74E00B57D4D /* star.png */,
				7D9502231D2FC74E00B57D4D /* uploading-files-to-the-cloud.png */,
				2853465A1D2C27090001F378 /* KakaoTalk_Photo_2016-07-05-19-01-18_19.jpeg */,
				2853465B1D2C27090001F378 /* KakaoTalk_Photo_2016-07-05-19-01-20_21.jpeg */,
				2853465C1D2C27090001F378 /* KakaoTalk_Photo_2016-07-05-19-01-21_99.jpeg */,
				2853465D1D2C27090001F378 /* KakaoTalk_Photo_2016-07-05-19-01-22_93.jpeg */,
			);
			path = resource;
			sourceTree = "<group>";
		};
		286EC5C01D2C16F20002A8EB /* Model */ = {
			isa = PBXGroup;
			children = (
				286EC5C11D2C16F20002A8EB /* DBConnector.h */,
				286EC5C21D2C16F20002A8EB /* DBConnector.m */,
				286EC5C31D2C16F20002A8EB /* Diary.h */,
				286EC5C41D2C16F20002A8EB /* Diary.m */,
				286EC5C51D2C16F20002A8EB /* DiaryModel.h */,
				286EC5C61D2C16F20002A8EB /* DiaryModel.m */,
				286EC5C71D2C16F20002A8EB /* Footprint.h */,
				286EC5C81D2C16F20002A8EB /* Footprint.m */,
				286EC5C91D2C16F20002A8EB /* FootprintModel.h */,
				286EC5CA1D2C16F20002A8EB /* FootprintModel.m */,
				286EC5CB1D2C16F20002A8EB /* User.h */,
				286EC5CC1D2C16F20002A8EB /* User.m */,
				286EC5CD1D2C16F20002A8EB /* UserModel.h */,
				286EC5CE1D2C16F20002A8EB /* UserModel.m */,
				285346761D2C2D6E0001F378 /* Sticker.h */,
				285346771D2C2D6E0001F378 /* Sticker.m */,
				285346791D2C2EC20001F378 /* StickerModel.h */,
				2853467A1D2C2EC20001F378 /* StickerModel.m */,
				2853467C1D2C34160001F378 /* Emoticon.h */,
				2853467D1D2C34160001F378 /* Emoticon.m */,
				28CBDB431D2C3C980053D0DE /* EmoticonModel.h */,
				28CBDB441D2C3C980053D0DE /* EmoticonModel.m */,
				28E5E1881D2C491100D8B9E3 /* Photo.h */,
				28E5E1891D2C491100D8B9E3 /* Photo.m */,
				28E5E18B1D2C4A3500D8B9E3 /* PhotoModel.h */,
				28E5E18C1D2C4A3500D8B9E3 /* PhotoModel.m */,
				28E5E18E1D2C58C200D8B9E3 /* Health.h */,
				28E5E18F1D2C58C200D8B9E3 /* Health.m */,
				226A3A2D1D2EB8F000FC0FF8 /* HealthModel.h */,
				226A3A2E1D2EB8F000FC0FF8 /* HealthModel.m */,
				28E5E1941D2C7A3D00D8B9E3 /* HealthInformation.h */,
				28E5E1951D2C7A3D00D8B9E3 /* HealthInformation.m */,
				28E5E1971D2C7CA900D8B9E3 /* HealthInformationModel.h */,
				28E5E1981D2C7CA900D8B9E3 /* HealthInformationModel.m */,
				28E5E1E61D2ED73400D8B9E3 /* Theme.h */,
				28E5E1E71D2ED73400D8B9E3 /* Theme.m */,
				28E5E1E91D2EE59900D8B9E3 /* ThemeModel.h */,
				28E5E1EA1D2EE59900D8B9E3 /* ThemeModel.m */,
			);
			path = Model;
			sourceTree = "<group>";
		};
		28E5E2141D302F0800D8B9E3 /* DaumMap.embeddedframework */ = {
			isa = PBXGroup;
			children = (
				28E5E2151D302F0800D8B9E3 /* DaumMap.framework */,
				28E5E2161D302F0800D8B9E3 /* Resources */,
			);
			path = DaumMap.embeddedframework;
			sourceTree = "<group>";
		};
		28E5E2161D302F0800D8B9E3 /* Resources */ = {
			isa = PBXGroup;
			children = (
				28E5E2171D302F0800D8B9E3 /* copyright.png */,
				28E5E2181D302F0800D8B9E3 /* daum_copyright.png */,
				28E5E2191D302F0800D8B9E3 /* daum_th_line.png */,
				28E5E21A1D302F0800D8B9E3 /* detail_button.png */,
				28E5E21B1D302F0800D8B9E3 /* info_box.png */,
				28E5E21C1D302F0800D8B9E3 /* info_box_tail.png */,
				28E5E21D1D302F0800D8B9E3 /* map_pin.png */,
				28E5E21E1D302F0800D8B9E3 /* map_pin@3x.png */,
				28E5E21F1D302F0800D8B9E3 /* map_pin_custom.png */,
				28E5E2201D302F0800D8B9E3 /* map_pin_custom@3x.png */,
				28E5E2211D302F0800D8B9E3 /* map_pin_red.png */,
				28E5E2221D302F0800D8B9E3 /* map_pin_red@3x.png */,
				28E5E2231D302F0800D8B9E3 /* map_pin_shadow.png */,
				28E5E2241D302F0800D8B9E3 /* map_pin_shadow@3x.png */,
				28E5E2251D302F0800D8B9E3 /* map_pinup.png */,
				28E5E2261D302F0800D8B9E3 /* map_pinup@3x.png */,
				28E5E2271D302F0800D8B9E3 /* map_pinup_custom.png */,
				28E5E2281D302F0800D8B9E3 /* map_pinup_custom@3x.png */,
				28E5E2291D302F0800D8B9E3 /* map_present.png */,
				28E5E22A1D302F0800D8B9E3 /* map_present_background_update.png */,
				28E5E22B1D302F0800D8B9E3 /* map_present_direction.png */,
				28E5E22C1D302F0800D8B9E3 /* map_present_tracking.png */,
				28E5E22D1D302F0800D8B9E3 /* noimage.png */,
				28E5E22E1D302F0800D8B9E3 /* noimage256.png */,
				28E5E22F1D302F0800D8B9E3 /* point_sprite.png */,
				28E5E2301D302F0800D8B9E3 /* shadow_balloon.png */,
				28E5E2311D302F0800D8B9E3 /* th_line.png */,
			);
			path = Resources;
			sourceTree = "<group>";
		};
		7D95026A1D2FD09900B57D4D /* Calendar */ = {
			isa = PBXGroup;
			children = (
				7DA28EA41D32336800DDBBC2 /* DiaryEditViewController.h */,
				7DA28EA51D32336800DDBBC2 /* DiaryEditViewController.m */,
				7DA28EA61D32336800DDBBC2 /* DiaryViewController.h */,
				7DA28EA71D32336800DDBBC2 /* DiaryViewController.m */,
				7DA28EA81D32336800DDBBC2 /* EmoticonViewController.h */,
				7DA28EA91D32336800DDBBC2 /* EmoticonViewController.m */,
				7DA28EAA1D32336800DDBBC2 /* VRGCalendarView.h */,
				7DA28EAB1D32336800DDBBC2 /* VRGCalendarView.m */,
				7DA28EAC1D32336800DDBBC2 /* VRGCalendarViewController.h */,
				7DA28EAD1D32336800DDBBC2 /* VRGCalendarViewController.m */,
				7D95026C1D2FD09900B57D4D /* NSDate+convenience.m */,
				7D95026B1D2FD09900B57D4D /* NSDate+convenience.h */,
				7D95026D1D2FD09900B57D4D /* NSMutableArray+convenience.h */,
				7D95026E1D2FD09900B57D4D /* NSMutableArray+convenience.m */,
				7D95026F1D2FD09900B57D4D /* UIColor+expanded.h */,
				7D9502701D2FD09900B57D4D /* UIColor+expanded.m */,
				7D9502711D2FD09900B57D4D /* UIView+convenience.h */,
				7D9502721D2FD09900B57D4D /* UIView+convenience.m */,
				7D9502731D2FD09900B57D4D /* VRGAppDelegate.h */,
				7D9502741D2FD09900B57D4D /* VRGAppDelegate.m */,
			);
			path = Calendar;
			sourceTree = "<group>";
		};
		BF76DD9E1D24181800E5F658 = {
			isa = PBXGroup;
			children = (
				28E5E2541D302FF500D8B9E3 /* libxml2.2.tbd */,
				28E5E2521D302FE900D8B9E3 /* libstdc++.6.0.9.tbd */,
				28E5E2501D302FD200D8B9E3 /* QuartzCore.framework */,
				28E5E24E1D302FBF00D8B9E3 /* SystemConfiguration.framework */,
				BFF1C2E41D2CBEA800E995D9 /* MapKit.framework */,
				286EC5A91D2A7F0A0002A8EB /* libsqlite3.tbd */,
				BF80FCAA1D264F6B00ADB9E8 /* CoreLocation.framework */,
				BF76DDA91D24181800E5F658 /* Diary */,
				BF76DDA81D24181800E5F658 /* Products */,
			);
			sourceTree = "<group>";
		};
		BF76DDA81D24181800E5F658 /* Products */ = {
			isa = PBXGroup;
			children = (
				BF76DDA71D24181800E5F658 /* Diary.app */,
			);
			name = Products;
			sourceTree = "<group>";
		};
		BF76DDA91D24181800E5F658 /* Diary */ = {
			isa = PBXGroup;
			children = (
				28E5E2141D302F0800D8B9E3 /* DaumMap.embeddedframework */,
				226A3A201D2EB7A700FC0FF8 /* Pedometer */,
				BF76DDAD1D24181800E5F658 /* AppDelegate.h */,
				BF76DDAE1D24181800E5F658 /* AppDelegate.m */,
				BF76DDB61D24181800E5F658 /* Assets.xcassets */,
				BF76DDBB1D24181800E5F658 /* Info.plist */,
				BF76DDB81D24181800E5F658 /* LaunchScreen.storyboard */,
				BF76DDB31D24181800E5F658 /* Main.storyboard */,
				7D95026A1D2FD09900B57D4D /* Calendar */,
				285346591D2C27090001F378 /* resource */,
				285346331D2C22220001F378 /* Controller */,
				286EC5C01D2C16F20002A8EB /* Model */,
				BF76DDAA1D24181800E5F658 /* Supporting Files */,
				BF76DDB01D24181800E5F658 /* ViewController.h */,
				BF76DDB11D24181800E5F658 /* ViewController.m */,
			);
			path = Diary;
			sourceTree = "<group>";
		};
		BF76DDAA1D24181800E5F658 /* Supporting Files */ = {
			isa = PBXGroup;
			children = (
				BF76DDAB1D24181800E5F658 /* main.m */,
			);
			name = "Supporting Files";
			sourceTree = "<group>";
		};
/* End PBXGroup section */

/* Begin PBXNativeTarget section */
		BF76DDA61D24181800E5F658 /* Diary */ = {
			isa = PBXNativeTarget;
			buildConfigurationList = BF76DDBE1D24181800E5F658 /* Build configuration list for PBXNativeTarget "Diary" */;
			buildPhases = (
				BF76DDA31D24181800E5F658 /* Sources */,
				BF76DDA41D24181800E5F658 /* Frameworks */,
				BF76DDA51D24181800E5F658 /* Resources */,
			);
			buildRules = (
			);
			dependencies = (
			);
			name = Diary;
			productName = Diary;
			productReference = BF76DDA71D24181800E5F658 /* Diary.app */;
			productType = "com.apple.product-type.application";
		};
/* End PBXNativeTarget section */

/* Begin PBXProject section */
		BF76DD9F1D24181800E5F658 /* Project object */ = {
			isa = PBXProject;
			attributes = {
				LastUpgradeCheck = 0730;
				ORGANIZATIONNAME = mju12345;
				TargetAttributes = {
					BF76DDA61D24181800E5F658 = {
						CreatedOnToolsVersion = 7.3.1;
					};
				};
			};
			buildConfigurationList = BF76DDA21D24181800E5F658 /* Build configuration list for PBXProject "Diary" */;
			compatibilityVersion = "Xcode 3.2";
			developmentRegion = English;
			hasScannedForEncodings = 0;
			knownRegions = (
				en,
				Base,
			);
			mainGroup = BF76DD9E1D24181800E5F658;
			productRefGroup = BF76DDA81D24181800E5F658 /* Products */;
			projectDirPath = "";
			projectRoot = "";
			targets = (
				BF76DDA61D24181800E5F658 /* Diary */,
			);
		};
/* End PBXProject section */

/* Begin PBXResourcesBuildPhase section */
		BF76DDA51D24181800E5F658 /* Resources */ = {
			isa = PBXResourcesBuildPhase;
			buildActionMask = 2147483647;
			files = (
				28E5E2421D302F0800D8B9E3 /* map_pinup@3x.png in Resources */,
				28E5E2381D302F0800D8B9E3 /* info_box_tail.png in Resources */,
				7D9502371D2FC74E00B57D4D /* screwdriver-and-wrench.png in Resources */,
				28E5E2401D302F0800D8B9E3 /* map_pin_shadow@3x.png in Resources */,
				28E5E2341D302F0800D8B9E3 /* daum_copyright.png in Resources */,
				28E5E24B1D302F0800D8B9E3 /* point_sprite.png in Resources */,
				28E5E2441D302F0800D8B9E3 /* map_pinup_custom@3x.png in Resources */,
				BF76DDBA1D24181800E5F658 /* LaunchScreen.storyboard in Resources */,
				28E5E2371D302F0800D8B9E3 /* info_box.png in Resources */,
				28E5E2481D302F0800D8B9E3 /* map_present_tracking.png in Resources */,
				285346621D2C27090001F378 /* KakaoTalk_Photo_2016-07-05-19-01-22_93.jpeg in Resources */,
				BF76DDB71D24181800E5F658 /* Assets.xcassets in Resources */,
				7D95022D1D2FC74E00B57D4D /* KakaoTalk_Photo_2016-07-05-19-01-18_19.jpeg in Resources */,
				28E5E23D1D302F0800D8B9E3 /* map_pin_red.png in Resources */,
				7D9502391D2FC74E00B57D4D /* uploading-files-to-the-cloud.png in Resources */,
				28E5E2431D302F0800D8B9E3 /* map_pinup_custom.png in Resources */,
				7D9502261D2FC74E00B57D4D /* arrow-pointing-to-right.png in Resources */,
				7D95022C1D2FC74E00B57D4D /* home.png in Resources */,
				BF76DDB51D24181800E5F658 /* Main.storyboard in Resources */,
				7D9502251D2FC74E00B57D4D /* arrow-pointing-to-left.png in Resources */,
				28E5E24C1D302F0800D8B9E3 /* shadow_balloon.png in Resources */,
				7D9502321D2FC74E00B57D4D /* KakaoTalk_Photo_2016-07-07-00-20-00_74.png in Resources */,
				28E5E23A1D302F0800D8B9E3 /* map_pin@3x.png in Resources */,
				28E5E2351D302F0800D8B9E3 /* daum_th_line.png in Resources */,
				28E5E2491D302F0800D8B9E3 /* noimage.png in Resources */,
				2853465F1D2C27090001F378 /* KakaoTalk_Photo_2016-07-05-19-01-18_19.jpeg in Resources */,
				7D95022B1D2FC74E00B57D4D /* heart.png in Resources */,
				28E5E2331D302F0800D8B9E3 /* copyright.png in Resources */,
				7D9502241D2FC74E00B57D4D /* 참잘했어요.png in Resources */,
				7D95022E1D2FC74E00B57D4D /* KakaoTalk_Photo_2016-07-05-19-01-20_21.jpeg in Resources */,
				7D9502331D2FC74E00B57D4D /* location-pointer-1.png in Resources */,
				285346611D2C27090001F378 /* KakaoTalk_Photo_2016-07-05-19-01-21_99.jpeg in Resources */,
				28E5E23F1D302F0800D8B9E3 /* map_pin_shadow.png in Resources */,
				28E5E24D1D302F0800D8B9E3 /* th_line.png in Resources */,
				28E5E23B1D302F0800D8B9E3 /* map_pin_custom.png in Resources */,
				7D95022A1D2FC74E00B57D4D /* edit-tool.png in Resources */,
				285346601D2C27090001F378 /* KakaoTalk_Photo_2016-07-05-19-01-20_21.jpeg in Resources */,
				28E5E2451D302F0800D8B9E3 /* map_present.png in Resources */,
				7D9502341D2FC74E00B57D4D /* note.png in Resources */,
				7D95022F1D2FC74E00B57D4D /* KakaoTalk_Photo_2016-07-05-19-01-21_99.jpeg in Resources */,
				28E5E2461D302F0800D8B9E3 /* map_present_background_update.png in Resources */,
				28E5E2391D302F0800D8B9E3 /* map_pin.png in Resources */,
				7D9502281D2FC74E00B57D4D /* calendar-with-day-5.png in Resources */,
				28E5E2411D302F0800D8B9E3 /* map_pinup.png in Resources */,
				7D9502291D2FC74E00B57D4D /* dia.png in Resources */,
				28E5E2471D302F0800D8B9E3 /* map_present_direction.png in Resources */,
				7D9502311D2FC74E00B57D4D /* KakaoTalk_Photo_2016-07-07-00-19-50_99.png in Resources */,
				7D9502301D2FC74E00B57D4D /* KakaoTalk_Photo_2016-07-05-19-01-22_93.jpeg in Resources */,
				7D9502361D2FC74E00B57D4D /* piece-of-paper-and-pencil.png in Resources */,
				28E5E23E1D302F0800D8B9E3 /* map_pin_red@3x.png in Resources */,
				7D9502381D2FC74E00B57D4D /* star.png in Resources */,
				28E5E23C1D302F0800D8B9E3 /* map_pin_custom@3x.png in Resources */,
				28E5E2361D302F0800D8B9E3 /* detail_button.png in Resources */,
				28E5E24A1D302F0800D8B9E3 /* noimage256.png in Resources */,
				7D9502271D2FC74E00B57D4D /* benefit-chart.png in Resources */,
				7D9502351D2FC74E00B57D4D /* photo-camera.png in Resources */,
			);
			runOnlyForDeploymentPostprocessing = 0;
		};
/* End PBXResourcesBuildPhase section */

/* Begin PBXSourcesBuildPhase section */
		BF76DDA31D24181800E5F658 /* Sources */ = {
			isa = PBXSourcesBuildPhase;
			buildActionMask = 2147483647;
			files = (
				2853467B1D2C2EC20001F378 /* StickerModel.m in Sources */,
				226A3A2F1D2EB8F000FC0FF8 /* HealthModel.m in Sources */,
				286EC5D31D2C16F20002A8EB /* FootprintModel.m in Sources */,
				286EC5D51D2C16F20002A8EB /* UserModel.m in Sources */,
				28E5E25E1D3031B000D8B9E3 /* FootprintViewController.m in Sources */,
				28E5E1991D2C7CA900D8B9E3 /* HealthInformationModel.m in Sources */,
				7D95027A1D2FD09900B57D4D /* NSMutableArray+convenience.m in Sources */,
				286EC5D21D2C16F20002A8EB /* Footprint.m in Sources */,
				2853467E1D2C34160001F378 /* Emoticon.m in Sources */,
				7D95027C1D2FD09900B57D4D /* UIView+convenience.m in Sources */,
				7DA28EB01D32336800DDBBC2 /* EmoticonViewController.m in Sources */,
				286EC5D11D2C16F20002A8EB /* DiaryModel.m in Sources */,
				7DA28EB11D32336800DDBBC2 /* VRGCalendarView.m in Sources */,
				286EC5D01D2C16F20002A8EB /* Diary.m in Sources */,
				28E5E18D1D2C4A3500D8B9E3 /* PhotoModel.m in Sources */,
				286EC5D41D2C16F20002A8EB /* User.m in Sources */,
				28E5E18A1D2C491100D8B9E3 /* Photo.m in Sources */,
				28CBDB451D2C3C980053D0DE /* EmoticonModel.m in Sources */,
				7D95027B1D2FD09900B57D4D /* UIColor+expanded.m in Sources */,
				7D95027D1D2FD09900B57D4D /* VRGAppDelegate.m in Sources */,
				7DA28EAF1D32336800DDBBC2 /* DiaryViewController.m in Sources */,
				BF76DDB21D24181800E5F658 /* ViewController.m in Sources */,
				28E5E1EB1D2EE59900D8B9E3 /* ThemeModel.m in Sources */,
				BF76DDAF1D24181800E5F658 /* AppDelegate.m in Sources */,
				28E5E1961D2C7A3D00D8B9E3 /* HealthInformation.m in Sources */,
				7DA28EAE1D32336800DDBBC2 /* DiaryEditViewController.m in Sources */,
				28E5E1E81D2ED73400D8B9E3 /* Theme.m in Sources */,
				226A3A281D2EB7A700FC0FF8 /* HistoricViewController.m in Sources */,
				285346781D2C2D6E0001F378 /* Sticker.m in Sources */,
				7DA28EB21D32336800DDBBC2 /* VRGCalendarViewController.m in Sources */,
				226A3A2C1D2EB7CD00FC0FF8 /* MainViewController.m in Sources */,
				226A3A291D2EB7A700FC0FF8 /* PedometerViewController.m in Sources */,
				BF76DDAC1D24181800E5F658 /* main.m in Sources */,
				7D9502791D2FD09900B57D4D /* NSDate+convenience.m in Sources */,
				28E5E1901D2C58C200D8B9E3 /* Health.m in Sources */,
				286EC5CF1D2C16F20002A8EB /* DBConnector.m in Sources */,
				226A3A271D2EB7A700FC0FF8 /* DatePickerViewController.m in Sources */,
			);
			runOnlyForDeploymentPostprocessing = 0;
		};
/* End PBXSourcesBuildPhase section */

/* Begin PBXVariantGroup section */
		BF76DDB31D24181800E5F658 /* Main.storyboard */ = {
			isa = PBXVariantGroup;
			children = (
				BF76DDB41D24181800E5F658 /* Base */,
			);
			name = Main.storyboard;
			sourceTree = "<group>";
		};
		BF76DDB81D24181800E5F658 /* LaunchScreen.storyboard */ = {
			isa = PBXVariantGroup;
			children = (
				BF76DDB91D24181800E5F658 /* Base */,
			);
			name = LaunchScreen.storyboard;
			sourceTree = "<group>";
		};
/* End PBXVariantGroup section */

/* Begin XCBuildConfiguration section */
		BF76DDBC1D24181800E5F658 /* Debug */ = {
			isa = XCBuildConfiguration;
			buildSettings = {
				ALWAYS_SEARCH_USER_PATHS = NO;
				CLANG_ANALYZER_NONNULL = YES;
				CLANG_CXX_LANGUAGE_STANDARD = "gnu++0x";
				CLANG_CXX_LIBRARY = "libc++";
				CLANG_ENABLE_MODULES = YES;
				CLANG_ENABLE_OBJC_ARC = YES;
				CLANG_WARN_BOOL_CONVERSION = YES;
				CLANG_WARN_CONSTANT_CONVERSION = YES;
				CLANG_WARN_DIRECT_OBJC_ISA_USAGE = YES_ERROR;
				CLANG_WARN_EMPTY_BODY = YES;
				CLANG_WARN_ENUM_CONVERSION = YES;
				CLANG_WARN_INT_CONVERSION = YES;
				CLANG_WARN_OBJC_ROOT_CLASS = YES_ERROR;
				CLANG_WARN_UNREACHABLE_CODE = YES;
				CLANG_WARN__DUPLICATE_METHOD_MATCH = YES;
				"CODE_SIGN_IDENTITY[sdk=iphoneos*]" = "iPhone Developer";
				COPY_PHASE_STRIP = NO;
				DEBUG_INFORMATION_FORMAT = dwarf;
				ENABLE_BITCODE = NO;
				ENABLE_STRICT_OBJC_MSGSEND = YES;
				ENABLE_TESTABILITY = YES;
				GCC_C_LANGUAGE_STANDARD = gnu99;
				GCC_DYNAMIC_NO_PIC = NO;
				GCC_NO_COMMON_BLOCKS = YES;
				GCC_OPTIMIZATION_LEVEL = 0;
				GCC_PREPROCESSOR_DEFINITIONS = (
					"DEBUG=1",
					"$(inherited)",
				);
				GCC_WARN_64_TO_32_BIT_CONVERSION = YES;
				GCC_WARN_ABOUT_RETURN_TYPE = YES_ERROR;
				GCC_WARN_UNDECLARED_SELECTOR = YES;
				GCC_WARN_UNINITIALIZED_AUTOS = YES_AGGRESSIVE;
				GCC_WARN_UNUSED_FUNCTION = YES;
				GCC_WARN_UNUSED_VARIABLE = YES;
				IPHONEOS_DEPLOYMENT_TARGET = 9.3;
				MTL_ENABLE_DEBUG_INFO = YES;
				New_Setting = "";
				ONLY_ACTIVE_ARCH = YES;
				SDKROOT = iphoneos;
			};
			name = Debug;
		};
		BF76DDBD1D24181800E5F658 /* Release */ = {
			isa = XCBuildConfiguration;
			buildSettings = {
				ALWAYS_SEARCH_USER_PATHS = NO;
				CLANG_ANALYZER_NONNULL = YES;
				CLANG_CXX_LANGUAGE_STANDARD = "gnu++0x";
				CLANG_CXX_LIBRARY = "libc++";
				CLANG_ENABLE_MODULES = YES;
				CLANG_ENABLE_OBJC_ARC = YES;
				CLANG_WARN_BOOL_CONVERSION = YES;
				CLANG_WARN_CONSTANT_CONVERSION = YES;
				CLANG_WARN_DIRECT_OBJC_ISA_USAGE = YES_ERROR;
				CLANG_WARN_EMPTY_BODY = YES;
				CLANG_WARN_ENUM_CONVERSION = YES;
				CLANG_WARN_INT_CONVERSION = YES;
				CLANG_WARN_OBJC_ROOT_CLASS = YES_ERROR;
				CLANG_WARN_UNREACHABLE_CODE = YES;
				CLANG_WARN__DUPLICATE_METHOD_MATCH = YES;
				"CODE_SIGN_IDENTITY[sdk=iphoneos*]" = "iPhone Developer";
				COPY_PHASE_STRIP = NO;
				DEBUG_INFORMATION_FORMAT = "dwarf-with-dsym";
				ENABLE_BITCODE = NO;
				ENABLE_NS_ASSERTIONS = NO;
				ENABLE_STRICT_OBJC_MSGSEND = YES;
				GCC_C_LANGUAGE_STANDARD = gnu99;
				GCC_NO_COMMON_BLOCKS = YES;
				GCC_WARN_64_TO_32_BIT_CONVERSION = YES;
				GCC_WARN_ABOUT_RETURN_TYPE = YES_ERROR;
				GCC_WARN_UNDECLARED_SELECTOR = YES;
				GCC_WARN_UNINITIALIZED_AUTOS = YES_AGGRESSIVE;
				GCC_WARN_UNUSED_FUNCTION = YES;
				GCC_WARN_UNUSED_VARIABLE = YES;
				IPHONEOS_DEPLOYMENT_TARGET = 9.3;
				MTL_ENABLE_DEBUG_INFO = NO;
				New_Setting = "";
				SDKROOT = iphoneos;
				VALIDATE_PRODUCT = YES;
			};
			name = Release;
		};
		BF76DDBF1D24181800E5F658 /* Debug */ = {
			isa = XCBuildConfiguration;
			buildSettings = {
				ASSETCATALOG_COMPILER_APPICON_NAME = AppIcon;
				FRAMEWORK_SEARCH_PATHS = (
					"$(inherited)",
					"$(PROJECT_DIR)/Diary/DaumMap.embeddedframework",
				);
				INFOPLIST_FILE = Diary/Info.plist;
				LD_RUNPATH_SEARCH_PATHS = "$(inherited) @executable_path/Frameworks";
				PRODUCT_BUNDLE_IDENTIFIER = mju12345.Diary;
				PRODUCT_NAME = "$(TARGET_NAME)";
			};
			name = Debug;
		};
		BF76DDC01D24181800E5F658 /* Release */ = {
			isa = XCBuildConfiguration;
			buildSettings = {
				ASSETCATALOG_COMPILER_APPICON_NAME = AppIcon;
				FRAMEWORK_SEARCH_PATHS = (
					"$(inherited)",
					"$(PROJECT_DIR)/Diary/DaumMap.embeddedframework",
				);
				INFOPLIST_FILE = Diary/Info.plist;
				LD_RUNPATH_SEARCH_PATHS = "$(inherited) @executable_path/Frameworks";
				PRODUCT_BUNDLE_IDENTIFIER = mju12345.Diary;
				PRODUCT_NAME = "$(TARGET_NAME)";
			};
			name = Release;
		};
/* End XCBuildConfiguration section */

/* Begin XCConfigurationList section */
		BF76DDA21D24181800E5F658 /* Build configuration list for PBXProject "Diary" */ = {
			isa = XCConfigurationList;
			buildConfigurations = (
				BF76DDBC1D24181800E5F658 /* Debug */,
				BF76DDBD1D24181800E5F658 /* Release */,
			);
			defaultConfigurationIsVisible = 0;
			defaultConfigurationName = Release;
		};
		BF76DDBE1D24181800E5F658 /* Build configuration list for PBXNativeTarget "Diary" */ = {
			isa = XCConfigurationList;
			buildConfigurations = (
				BF76DDBF1D24181800E5F658 /* Debug */,
				BF76DDC01D24181800E5F658 /* Release */,
			);
			defaultConfigurationIsVisible = 0;
			defaultConfigurationName = Release;
		};
/* End XCConfigurationList section */
	};
	rootObject = BF76DD9F1D24181800E5F658 /* Project object */;
}
